
Microsoft Visual Studio Solution File, Format Version 12.00
# Visual Studio Version 16
VisualStudioVersion = 16.0.30114.105
MinimumVisualStudioVersion = 10.0.40219.1
Project("{FAE04EC0-301F-11D3-BF4B-00C04F79EFBC}") = "MyORM", "MyORM\MyORM.csproj", "{A3624F14-EA68-4A55-B87F-CD9FD2B3114E}"
EndProject
Global
	GlobalSection(SolutionConfigurationPlatforms) = preSolution
		Debug|Any CPU = Debug|Any CPU
		Release|Any CPU = Release|Any CPU
	EndGlobalSection
	GlobalSection(ProjectConfigurationPlatforms) = postSolution
		{A3624F14-EA68-4A55-B87F-CD9FD2B3114E}.Debug|Any CPU.ActiveCfg = Debug|Any CPU
		{A3624F14-EA68-4A55-B87F-CD9FD2B3114E}.Debug|Any CPU.Build.0 = Debug|Any CPU
		{A3624F14-EA68-4A55-B87F-CD9FD2B3114E}.Release|Any CPU.ActiveCfg = Release|Any CPU
		{A3624F14-EA68-4A55-B87F-CD9FD2B3114E}.Release|Any CPU.Build.0 = Release|Any CPU
	EndGlobalSection
	GlobalSection(SolutionProperties) = preSolution
		HideSolutionNode = FALSE
	EndGlobalSection
	GlobalSection(ExtensibilityGlobals) = postSolution
		SolutionGuid = {2CA41830-E40D-4EFE-AEE1-444856652BF9}
	EndGlobalSection
EndGlobal
